
Microsoft Visual Studio Solution File, Format Version 12.00
# Visual Studio Version 16
VisualStudioVersion = 16.0.29306.81
MinimumVisualStudioVersion = 10.0.40219.1
Project("{8BC9CEB8-8B4A-11D0-8D11-00A0C91BC942}") = "typelib-2-xml", "TypeLib2Xml.vcxproj", "{101268D7-5F70-4FCE-AD81-BD3DB1C80814}"
EndProject
Global
	GlobalSection(SolutionConfigurationPlatforms) = preSolution
		Debug|Win32 = Debug|Win32
		Release|Win32 = Release|Win32
	EndGlobalSection
	GlobalSection(ProjectConfigurationPlatforms) = postSolution
		{101268D7-5F70-4FCE-AD81-BD3DB1C80814}.Debug|Win32.ActiveCfg = Debug|Win32
		{101268D7-5F70-4FCE-AD81-BD3DB1C80814}.Debug|Win32.Build.0 = Debug|Win32
		{101268D7-5F70-4FCE-AD81-BD3DB1C80814}.Release|Win32.ActiveCfg = Release|Win32
		{101268D7-5F70-4FCE-AD81-BD3DB1C80814}.Release|Win32.Build.0 = Release|Win32
	EndGlobalSection
	GlobalSection(SolutionProperties) = preSolution
		HideSolutionNode = FALSE
	EndGlobalSection
	GlobalSection(ExtensibilityGlobals) = postSolution
		SolutionGuid = {5592CFB0-1897-4EE4-9BC2-C5D17EE306A7}
	EndGlobalSection
EndGlobal
