
Microsoft Visual Studio Solution File, Format Version 12.00
# Visual Studio Version 16
VisualStudioVersion = 16.0.29306.81
MinimumVisualStudioVersion = 10.0.40219.1
Project("{8BC9CEB8-8B4A-11D0-8D11-00A0C91BC942}") = "typelib-2-xml", "TypeLib2Xml.vcxproj", "{101268D7-5F70-4FCE-AD81-BD3DB1C80814}"
EndProject
Global
	GlobalSection(SolutionConfigurationPlatforms) = preSolution
		Debug|x64 = Debug|x64
		Debug|x86 = Debug|x86
		Release|x64 = Release|x64
		Release|x86 = Release|x86
	EndGlobalSection
	GlobalSection(ProjectConfigurationPlatforms) = postSolution
		{101268D7-5F70-4FCE-AD81-BD3DB1C80814}.Debug|x64.ActiveCfg = Debug|x64
		{101268D7-5F70-4FCE-AD81-BD3DB1C80814}.Debug|x64.Build.0 = Debug|x64
		{101268D7-5F70-4FCE-AD81-BD3DB1C80814}.Debug|x86.ActiveCfg = Debug|Win32
		{101268D7-5F70-4FCE-AD81-BD3DB1C80814}.Debug|x86.Build.0 = Debug|Win32
		{101268D7-5F70-4FCE-AD81-BD3DB1C80814}.Release|x64.ActiveCfg = Release|x64
		{101268D7-5F70-4FCE-AD81-BD3DB1C80814}.Release|x64.Build.0 = Release|x64
		{101268D7-5F70-4FCE-AD81-BD3DB1C80814}.Release|x86.ActiveCfg = Release|Win32
		{101268D7-5F70-4FCE-AD81-BD3DB1C80814}.Release|x86.Build.0 = Release|Win32
	EndGlobalSection
	GlobalSection(SolutionProperties) = preSolution
		HideSolutionNode = FALSE
	EndGlobalSection
	GlobalSection(ExtensibilityGlobals) = postSolution
		SolutionGuid = {5592CFB0-1897-4EE4-9BC2-C5D17EE306A7}
	EndGlobalSection
EndGlobal
